
Microsoft Visual Studio Solution File, Format Version 12.00
# Visual Studio Version 16
VisualStudioVersion = 16.0.31624.102
MinimumVisualStudioVersion = 10.0.40219.1
Project("{FAE04EC0-301F-11D3-BF4B-00C04F79EFBC}") = "DZ5", "DZ5\DZ5.csproj", "{0D713E3F-C4AC-4629-9E5B-28729259943B}"
EndProject
Global
	GlobalSection(SolutionConfigurationPlatforms) = preSolution
		Debug|Any CPU = Debug|Any CPU
		Release|Any CPU = Release|Any CPU
	EndGlobalSection
	GlobalSection(ProjectConfigurationPlatforms) = postSolution
		{0D713E3F-C4AC-4629-9E5B-28729259943B}.Debug|Any CPU.ActiveCfg = Debug|Any CPU
		{0D713E3F-C4AC-4629-9E5B-28729259943B}.Debug|Any CPU.Build.0 = Debug|Any CPU
		{0D713E3F-C4AC-4629-9E5B-28729259943B}.Release|Any CPU.ActiveCfg = Release|Any CPU
		{0D713E3F-C4AC-4629-9E5B-28729259943B}.Release|Any CPU.Build.0 = Release|Any CPU
	EndGlobalSection
	GlobalSection(SolutionProperties) = preSolution
		HideSolutionNode = FALSE
	EndGlobalSection
	GlobalSection(ExtensibilityGlobals) = postSolution
		SolutionGuid = {50745817-3B85-4712-A3FC-1AFEBAC0F7DC}
	EndGlobalSection
EndGlobal
